
Microsoft Visual Studio Solution File, Format Version 12.00
# Visual Studio Version 17
VisualStudioVersion = 17.9.34728.123
MinimumVisualStudioVersion = 10.0.40219.1
Project("{FAE04EC0-301F-11D3-BF4B-00C04F79EFBC}") = "RazorPagesAudioAlbum", "RazorPagesAudioAlbum\RazorPagesAudioAlbum.csproj", "{11755E23-3D52-45D6-A0F9-FE080F758E84}"
EndProject
Global
	GlobalSection(SolutionConfigurationPlatforms) = preSolution
		Debug|Any CPU = Debug|Any CPU
		Release|Any CPU = Release|Any CPU
	EndGlobalSection
	GlobalSection(ProjectConfigurationPlatforms) = postSolution
		{11755E23-3D52-45D6-A0F9-FE080F758E84}.Debug|Any CPU.ActiveCfg = Debug|Any CPU
		{11755E23-3D52-45D6-A0F9-FE080F758E84}.Debug|Any CPU.Build.0 = Debug|Any CPU
		{11755E23-3D52-45D6-A0F9-FE080F758E84}.Release|Any CPU.ActiveCfg = Release|Any CPU
		{11755E23-3D52-45D6-A0F9-FE080F758E84}.Release|Any CPU.Build.0 = Release|Any CPU
	EndGlobalSection
	GlobalSection(SolutionProperties) = preSolution
		HideSolutionNode = FALSE
	EndGlobalSection
	GlobalSection(ExtensibilityGlobals) = postSolution
		SolutionGuid = {F73B5BDE-FC7C-4839-97A4-3E49E227DE6D}
	EndGlobalSection
EndGlobal
